
Microsoft Visual Studio Solution File, Format Version 12.00
# Visual Studio 14
VisualStudioVersion = 14.0.25420.1
MinimumVisualStudioVersion = 10.0.40219.1
Project("{8BC9CEB8-8B4A-11D0-8D11-00A0C91BC942}") = "PngOptimizerCL", "PngOptimizerCL.vcxproj", "{BA2C6171-6254-462F-A55C-489DB3A6CCBE}"
EndProject
Project("{8BC9CEB8-8B4A-11D0-8D11-00A0C91BC942}") = "chustd", "..\..\sdk\chustd\chustd.vcxproj", "{B652613D-54E8-44DD-ACA0-1AA26EA391EF}"
EndProject
Project("{8BC9CEB8-8B4A-11D0-8D11-00A0C91BC942}") = "poeng", "..\..\sdk\poeng\poeng.vcxproj", "{B682613E-54E8-8D8D-ACB3-1BB26EA391E2}"
EndProject
Global
	GlobalSection(SolutionConfigurationPlatforms) = preSolution
		Debug|Win32 = Debug|Win32
		Debug|x64 = Debug|x64
		Release|Win32 = Release|Win32
		Release|x64 = Release|x64
	EndGlobalSection
	GlobalSection(ProjectConfigurationPlatforms) = postSolution
		{BA2C6171-6254-462F-A55C-489DB3A6CCBE}.Debug|Win32.ActiveCfg = Debug|Win32
		{BA2C6171-6254-462F-A55C-489DB3A6CCBE}.Debug|Win32.Build.0 = Debug|Win32
		{BA2C6171-6254-462F-A55C-489DB3A6CCBE}.Debug|x64.ActiveCfg = Debug|x64
		{BA2C6171-6254-462F-A55C-489DB3A6CCBE}.Debug|x64.Build.0 = Debug|x64
		{BA2C6171-6254-462F-A55C-489DB3A6CCBE}.Release|Win32.ActiveCfg = Release|Win32
		{BA2C6171-6254-462F-A55C-489DB3A6CCBE}.Release|Win32.Build.0 = Release|Win32
		{BA2C6171-6254-462F-A55C-489DB3A6CCBE}.Release|x64.ActiveCfg = Release|x64
		{BA2C6171-6254-462F-A55C-489DB3A6CCBE}.Release|x64.Build.0 = Release|x64
		{B652613D-54E8-44DD-ACA0-1AA26EA391EF}.Debug|Win32.ActiveCfg = Debug|Win32
		{B652613D-54E8-44DD-ACA0-1AA26EA391EF}.Debug|Win32.Build.0 = Debug|Win32
		{B652613D-54E8-44DD-ACA0-1AA26EA391EF}.Debug|x64.ActiveCfg = Debug|x64
		{B652613D-54E8-44DD-ACA0-1AA26EA391EF}.Debug|x64.Build.0 = Debug|x64
		{B652613D-54E8-44DD-ACA0-1AA26EA391EF}.Release|Win32.ActiveCfg = Release|Win32
		{B652613D-54E8-44DD-ACA0-1AA26EA391EF}.Release|Win32.Build.0 = Release|Win32
		{B652613D-54E8-44DD-ACA0-1AA26EA391EF}.Release|x64.ActiveCfg = Release|x64
		{B652613D-54E8-44DD-ACA0-1AA26EA391EF}.Release|x64.Build.0 = Release|x64
		{B682613E-54E8-8D8D-ACB3-1BB26EA391E2}.Debug|Win32.ActiveCfg = Debug|Win32
		{B682613E-54E8-8D8D-ACB3-1BB26EA391E2}.Debug|Win32.Build.0 = Debug|Win32
		{B682613E-54E8-8D8D-ACB3-1BB26EA391E2}.Debug|x64.ActiveCfg = Debug|x64
		{B682613E-54E8-8D8D-ACB3-1BB26EA391E2}.Debug|x64.Build.0 = Debug|x64
		{B682613E-54E8-8D8D-ACB3-1BB26EA391E2}.Release|Win32.ActiveCfg = Release|Win32
		{B682613E-54E8-8D8D-ACB3-1BB26EA391E2}.Release|Win32.Build.0 = Release|Win32
		{B682613E-54E8-8D8D-ACB3-1BB26EA391E2}.Release|x64.ActiveCfg = Release|x64
		{B682613E-54E8-8D8D-ACB3-1BB26EA391E2}.Release|x64.Build.0 = Release|x64
	EndGlobalSection
	GlobalSection(SolutionProperties) = preSolution
		HideSolutionNode = FALSE
	EndGlobalSection
EndGlobal
